
Microsoft Visual Studio Solution File, Format Version 12.00
# Visual Studio Version 16
VisualStudioVersion = 16.0.32602.291
MinimumVisualStudioVersion = 10.0.40219.1
Project("{2150E333-8FDC-42A3-9474-1A3956D46DE8}") = "FrontEnd", "FrontEnd", "{C7334C87-58E9-4D10-83A3-C4504BC35F7F}"
EndProject
Project("{9A19103F-16F7-4668-BE54-9A1E7A4F7556}") = "Mango.Web", "Mango.Web\Mango.Web.csproj", "{65E58146-5661-4040-BDCA-EE364B245329}"
EndProject
Project("{2150E333-8FDC-42A3-9474-1A3956D46DE8}") = "services", "services", "{197AB90C-8924-4830-BCE9-6E8CD3351AB7}"
EndProject
Project("{FAE04EC0-301F-11D3-BF4B-00C04F79EFBC}") = "Mango.Services.ProductAPI", "Mango.Services.ProductAPI\Mango.Services.ProductAPI.csproj", "{A0BF123C-452E-49D2-9AA7-0786B8C71A3E}"
EndProject
Global
	GlobalSection(SolutionConfigurationPlatforms) = preSolution
		Debug|Any CPU = Debug|Any CPU
		Release|Any CPU = Release|Any CPU
	EndGlobalSection
	GlobalSection(ProjectConfigurationPlatforms) = postSolution
		{65E58146-5661-4040-BDCA-EE364B245329}.Debug|Any CPU.ActiveCfg = Debug|Any CPU
		{65E58146-5661-4040-BDCA-EE364B245329}.Debug|Any CPU.Build.0 = Debug|Any CPU
		{65E58146-5661-4040-BDCA-EE364B245329}.Release|Any CPU.ActiveCfg = Release|Any CPU
		{65E58146-5661-4040-BDCA-EE364B245329}.Release|Any CPU.Build.0 = Release|Any CPU
		{A0BF123C-452E-49D2-9AA7-0786B8C71A3E}.Debug|Any CPU.ActiveCfg = Debug|Any CPU
		{A0BF123C-452E-49D2-9AA7-0786B8C71A3E}.Debug|Any CPU.Build.0 = Debug|Any CPU
		{A0BF123C-452E-49D2-9AA7-0786B8C71A3E}.Release|Any CPU.ActiveCfg = Release|Any CPU
		{A0BF123C-452E-49D2-9AA7-0786B8C71A3E}.Release|Any CPU.Build.0 = Release|Any CPU
	EndGlobalSection
	GlobalSection(SolutionProperties) = preSolution
		HideSolutionNode = FALSE
	EndGlobalSection
	GlobalSection(NestedProjects) = preSolution
		{65E58146-5661-4040-BDCA-EE364B245329} = {C7334C87-58E9-4D10-83A3-C4504BC35F7F}
		{197AB90C-8924-4830-BCE9-6E8CD3351AB7} = {C7334C87-58E9-4D10-83A3-C4504BC35F7F}
		{A0BF123C-452E-49D2-9AA7-0786B8C71A3E} = {197AB90C-8924-4830-BCE9-6E8CD3351AB7}
	EndGlobalSection
	GlobalSection(ExtensibilityGlobals) = postSolution
		SolutionGuid = {CF63668B-DB9D-429F-A1E7-56FBC1E82E96}
	EndGlobalSection
EndGlobal
